
Microsoft Visual Studio Solution File, Format Version 12.00
# Visual Studio Version 17
VisualStudioVersion = 17.4.33205.214
MinimumVisualStudioVersion = 10.0.40219.1
Project("{FAE04EC0-301F-11D3-BF4B-00C04F79EFBC}") = "Desafio Missait Livraria", "Desafio Missait Livraria\Desafio Missait Livraria.csproj", "{D08AC048-A6FC-4544-B4B1-8ADBBE48B6F3}"
EndProject
Global
	GlobalSection(SolutionConfigurationPlatforms) = preSolution
		Debug|Any CPU = Debug|Any CPU
		Release|Any CPU = Release|Any CPU
	EndGlobalSection
	GlobalSection(ProjectConfigurationPlatforms) = postSolution
		{D08AC048-A6FC-4544-B4B1-8ADBBE48B6F3}.Debug|Any CPU.ActiveCfg = Debug|Any CPU
		{D08AC048-A6FC-4544-B4B1-8ADBBE48B6F3}.Debug|Any CPU.Build.0 = Debug|Any CPU
		{D08AC048-A6FC-4544-B4B1-8ADBBE48B6F3}.Release|Any CPU.ActiveCfg = Release|Any CPU
		{D08AC048-A6FC-4544-B4B1-8ADBBE48B6F3}.Release|Any CPU.Build.0 = Release|Any CPU
	EndGlobalSection
	GlobalSection(SolutionProperties) = preSolution
		HideSolutionNode = FALSE
	EndGlobalSection
	GlobalSection(ExtensibilityGlobals) = postSolution
		SolutionGuid = {454660C6-99A2-4632-BA74-F90E99E6AE1A}
	EndGlobalSection
EndGlobal
